
Microsoft Visual Studio Solution File, Format Version 12.00
Project("{FAE04EC0-301F-11D3-BF4B-00C04F79EFBC}") = "ReportGenerator", "ReportGenerator\ReportGenerator.csproj", "{977EBCF2-4350-41C5-ACB7-4EC6C2068EDC}"
EndProject
Global
	GlobalSection(SolutionConfigurationPlatforms) = preSolution
		Debug|Any CPU = Debug|Any CPU
		Release|Any CPU = Release|Any CPU
	EndGlobalSection
	GlobalSection(ProjectConfigurationPlatforms) = postSolution
		{977EBCF2-4350-41C5-ACB7-4EC6C2068EDC}.Debug|Any CPU.ActiveCfg = Debug|Any CPU
		{977EBCF2-4350-41C5-ACB7-4EC6C2068EDC}.Debug|Any CPU.Build.0 = Debug|Any CPU
		{977EBCF2-4350-41C5-ACB7-4EC6C2068EDC}.Release|Any CPU.ActiveCfg = Release|Any CPU
		{977EBCF2-4350-41C5-ACB7-4EC6C2068EDC}.Release|Any CPU.Build.0 = Release|Any CPU
	EndGlobalSection
EndGlobal
