
Microsoft Visual Studio Solution File, Format Version 12.00
Project("{FAE04EC0-301F-11D3-BF4B-00C04F79EFBC}") = "BadAssignment2", "BadAssignment2\BadAssignment2.csproj", "{AA180FA5-9B14-4053-9D85-97FAB7E46828}"
EndProject
Global
	GlobalSection(SolutionConfigurationPlatforms) = preSolution
		Debug|Any CPU = Debug|Any CPU
		Release|Any CPU = Release|Any CPU
	EndGlobalSection
	GlobalSection(ProjectConfigurationPlatforms) = postSolution
		{AA180FA5-9B14-4053-9D85-97FAB7E46828}.Debug|Any CPU.ActiveCfg = Debug|Any CPU
		{AA180FA5-9B14-4053-9D85-97FAB7E46828}.Debug|Any CPU.Build.0 = Debug|Any CPU
		{AA180FA5-9B14-4053-9D85-97FAB7E46828}.Release|Any CPU.ActiveCfg = Release|Any CPU
		{AA180FA5-9B14-4053-9D85-97FAB7E46828}.Release|Any CPU.Build.0 = Release|Any CPU
	EndGlobalSection
EndGlobal
