
Microsoft Visual Studio Solution File, Format Version 12.00
Project("{FAE04EC0-301F-11D3-BF4B-00C04F79EFBC}") = "SelectImages", "SelectImages\SelectImages.csproj", "{11CAEF42-048F-4714-AE32-6E034285E09C}"
EndProject
Global
	GlobalSection(SolutionConfigurationPlatforms) = preSolution
		Debug|Any CPU = Debug|Any CPU
		Release|Any CPU = Release|Any CPU
	EndGlobalSection
	GlobalSection(ProjectConfigurationPlatforms) = postSolution
		{11CAEF42-048F-4714-AE32-6E034285E09C}.Debug|Any CPU.ActiveCfg = Debug|Any CPU
		{11CAEF42-048F-4714-AE32-6E034285E09C}.Debug|Any CPU.Build.0 = Debug|Any CPU
		{11CAEF42-048F-4714-AE32-6E034285E09C}.Release|Any CPU.ActiveCfg = Release|Any CPU
		{11CAEF42-048F-4714-AE32-6E034285E09C}.Release|Any CPU.Build.0 = Release|Any CPU
	EndGlobalSection
EndGlobal
