
Microsoft Visual Studio Solution File, Format Version 12.00
# Visual Studio Version 17
VisualStudioVersion = 17.9.34518.117
MinimumVisualStudioVersion = 10.0.40219.1
Project("{9A19103F-16F7-4668-BE54-9A1E7A4F7556}") = "Calculator", "Calculator\Calculator.csproj", "{238816D4-FB1A-4FDF-BF1A-39D314299A22}"
EndProject
Project("{FAE04EC0-301F-11D3-BF4B-00C04F79EFBC}") = "Calculator.Test.Unit", "Calculator.Test.Unit\Calculator.Test.Unit.csproj", "{633176AC-F509-46D8-9462-E0EE13B22AD5}"
EndProject
Global
	GlobalSection(SolutionConfigurationPlatforms) = preSolution
		Debug|Any CPU = Debug|Any CPU
		Release|Any CPU = Release|Any CPU
	EndGlobalSection
	GlobalSection(ProjectConfigurationPlatforms) = postSolution
		{238816D4-FB1A-4FDF-BF1A-39D314299A22}.Debug|Any CPU.ActiveCfg = Debug|Any CPU
		{238816D4-FB1A-4FDF-BF1A-39D314299A22}.Debug|Any CPU.Build.0 = Debug|Any CPU
		{238816D4-FB1A-4FDF-BF1A-39D314299A22}.Release|Any CPU.ActiveCfg = Release|Any CPU
		{238816D4-FB1A-4FDF-BF1A-39D314299A22}.Release|Any CPU.Build.0 = Release|Any CPU
		{633176AC-F509-46D8-9462-E0EE13B22AD5}.Debug|Any CPU.ActiveCfg = Debug|Any CPU
		{633176AC-F509-46D8-9462-E0EE13B22AD5}.Debug|Any CPU.Build.0 = Debug|Any CPU
		{633176AC-F509-46D8-9462-E0EE13B22AD5}.Release|Any CPU.ActiveCfg = Release|Any CPU
		{633176AC-F509-46D8-9462-E0EE13B22AD5}.Release|Any CPU.Build.0 = Release|Any CPU
	EndGlobalSection
	GlobalSection(SolutionProperties) = preSolution
		HideSolutionNode = FALSE
	EndGlobalSection
	GlobalSection(ExtensibilityGlobals) = postSolution
		SolutionGuid = {B78372AD-36DD-4C05-8717-67BD55763370}
	EndGlobalSection
EndGlobal
